schema: '2.0'
stages:
  load_data:
    cmd: python src/load_data.py --config=params.yaml
    deps:
    - path: data_given/winequality.csv
      md5: ccc8d3507eb151f53f760d36abdef888
      size: 91998
    - path: src/get_data.py
      md5: 001de3a0b6b95e81182387b17f7fd377
      size: 681
    - path: src/load_data.py
      md5: 4a3d2937a46b5a30b8004f0ce9bbfde9
      size: 670
    outs:
    - path: data/raw/winequality.csv
      md5: d98e8f2eca228c11c4de1cc96866a54d
      size: 93598
